// !$*UTF8*$!
{
	archiveVersion = 1;
	classes = {
	};
	objectVersion = 55;
	objects = {

/* Begin PBXBuildFile section */
		894CBA4727EE505B003DD7D7 /* AppDelegate.swift in Sources */ = {isa = PBXBuildFile; fileRef = 894CBA4627EE505B003DD7D7 /* AppDelegate.swift */; };
		894CBA4927EE505B003DD7D7 /* SceneDelegate.swift in Sources */ = {isa = PBXBuildFile; fileRef = 894CBA4827EE505B003DD7D7 /* SceneDelegate.swift */; };
		894CBA4E27EE505B003DD7D7 /* Main.storyboard in Resources */ = {isa = PBXBuildFile; fileRef = 894CBA4C27EE505B003DD7D7 /* Main.storyboard */; };
		894CBA5027EE505C003DD7D7 /* Assets.xcassets in Resources */ = {isa = PBXBuildFile; fileRef = 894CBA4F27EE505C003DD7D7 /* Assets.xcassets */; };
		894CBA5327EE505C003DD7D7 /* LaunchScreen.storyboard in Resources */ = {isa = PBXBuildFile; fileRef = 894CBA5127EE505C003DD7D7 /* LaunchScreen.storyboard */; };
		894CBA5F27EE5493003DD7D7 /* Keys.swift in Sources */ = {isa = PBXBuildFile; fileRef = 894CBA5E27EE5493003DD7D7 /* Keys.swift */; };
		894CBA6127EE5B1A003DD7D7 /* LoginViewController.swift in Sources */ = {isa = PBXBuildFile; fileRef = 894CBA6027EE5B1A003DD7D7 /* LoginViewController.swift */; };
		894CBA6327EE5B2C003DD7D7 /* FeedViewController.swift in Sources */ = {isa = PBXBuildFile; fileRef = 894CBA6227EE5B2C003DD7D7 /* FeedViewController.swift */; };
		894CBA6527EE633D003DD7D7 /* CameraViewController.swift in Sources */ = {isa = PBXBuildFile; fileRef = 894CBA6427EE633D003DD7D7 /* CameraViewController.swift */; };
		894CBA6727EE7B23003DD7D7 /* PostTableViewCell.swift in Sources */ = {isa = PBXBuildFile; fileRef = 894CBA6627EE7B23003DD7D7 /* PostTableViewCell.swift */; };
		FF79C83F4046AC67FC611AD0 /* Pods_Parstagram.framework in Frameworks */ = {isa = PBXBuildFile; fileRef = 771729B9387E502289F70A7E /* Pods_Parstagram.framework */; };
/* End PBXBuildFile section */

/* Begin PBXFileReference section */
		2AB59E2885CBBEC6F5628130 /* Pods-Parstagram.release.xcconfig */ = {isa = PBXFileReference; includeInIndex = 1; lastKnownFileType = text.xcconfig; name = "Pods-Parstagram.release.xcconfig"; path = "Target Support Files/Pods-Parstagram/Pods-Parstagram.release.xcconfig"; sourceTree = "<group>"; };
		771729B9387E502289F70A7E /* Pods_Parstagram.framework */ = {isa = PBXFileReference; explicitFileType = wrapper.framework; includeInIndex = 0; path = Pods_Parstagram.framework; sourceTree = BUILT_PRODUCTS_DIR; };
		894CBA4327EE505B003DD7D7 /* Parstagram.app */ = {isa = PBXFileReference; explicitFileType = wrapper.application; includeInIndex = 0; path = Parstagram.app; sourceTree = BUILT_PRODUCTS_DIR; };
		894CBA4627EE505B003DD7D7 /* AppDelegate.swift */ = {isa = PBXFileReference; lastKnownFileType = sourcecode.swift; path = AppDelegate.swift; sourceTree = "<group>"; };
		894CBA4827EE505B003DD7D7 /* SceneDelegate.swift */ = {isa = PBXFileReference; lastKnownFileType = sourcecode.swift; path = SceneDelegate.swift; sourceTree = "<group>"; };
		894CBA4D27EE505B003DD7D7 /* Base */ = {isa = PBXFileReference; lastKnownFileType = file.storyboard; name = Base; path = Base.lproj/Main.storyboard; sourceTree = "<group>"; };
		894CBA4F27EE505C003DD7D7 /* Assets.xcassets */ = {isa = PBXFileReference; lastKnownFileType = folder.assetcatalog; path = Assets.xcassets; sourceTree = "<group>"; };
		894CBA5227EE505C003DD7D7 /* Base */ = {isa = PBXFileReference; lastKnownFileType = file.storyboard; name = Base; path = Base.lproj/LaunchScreen.storyboard; sourceTree = "<group>"; };
		894CBA5427EE505C003DD7D7 /* Info.plist */ = {isa = PBXFileReference; lastKnownFileType = text.plist.xml; path = Info.plist; sourceTree = "<group>"; };
		894CBA5E27EE5493003DD7D7 /* Keys.swift */ = {isa = PBXFileReference; lastKnownFileType = sourcecode.swift; path = Keys.swift; sourceTree = "<group>"; };
		894CBA6027EE5B1A003DD7D7 /* LoginViewController.swift */ = {isa = PBXFileReference; lastKnownFileType = sourcecode.swift; path = LoginViewController.swift; sourceTree = "<group>"; };
		894CBA6227EE5B2C003DD7D7 /* FeedViewController.swift */ = {isa = PBXFileReference; lastKnownFileType = sourcecode.swift; path = FeedViewController.swift; sourceTree = "<group>"; };
		894CBA6427EE633D003DD7D7 /* CameraViewController.swift */ = {isa = PBXFileReference; lastKnownFileType = sourcecode.swift; path = CameraViewController.swift; sourceTree = "<group>"; };
		894CBA6627EE7B23003DD7D7 /* PostTableViewCell.swift */ = {isa = PBXFileReference; lastKnownFileType = sourcecode.swift; path = PostTableViewCell.swift; sourceTree = "<group>"; };
		C4E660307BF1AA43263F5C97 /* Pods-Parstagram.debug.xcconfig */ = {isa = PBXFileReference; includeInIndex = 1; lastKnownFileType = text.xcconfig; name = "Pods-Parstagram.debug.xcconfig"; path = "Target Support Files/Pods-Parstagram/Pods-Parstagram.debug.xcconfig"; sourceTree = "<group>"; };
/* End PBXFileReference section */

/* Begin PBXFrameworksBuildPhase section */
		894CBA4027EE505B003DD7D7 /* Frameworks */ = {
			isa = PBXFrameworksBuildPhase;
			buildActionMask = 2147483647;
			files = (
				FF79C83F4046AC67FC611AD0 /* Pods_Parstagram.framework in Frameworks */,
			);
			runOnlyForDeploymentPostprocessing = 0;
		};
/* End PBXFrameworksBuildPhase section */

/* Begin PBXGroup section */
		64EDC6126CEE01F7BED0F20C /* Pods */ = {
			isa = PBXGroup;
			children = (
				C4E660307BF1AA43263F5C97 /* Pods-Parstagram.debug.xcconfig */,
				2AB59E2885CBBEC6F5628130 /* Pods-Parstagram.release.xcconfig */,
			);
			path = Pods;
			sourceTree = "<group>";
		};
		72F285CCF7115F8EC1CD576B /* Frameworks */ = {
			isa = PBXGroup;
			children = (
				771729B9387E502289F70A7E /* Pods_Parstagram.framework */,
			);
			name = Frameworks;
			sourceTree = "<group>";
		};
		894CBA3A27EE505B003DD7D7 = {
			isa = PBXGroup;
			children = (
				894CBA4527EE505B003DD7D7 /* Parstagram */,
				894CBA4427EE505B003DD7D7 /* Products */,
				64EDC6126CEE01F7BED0F20C /* Pods */,
				72F285CCF7115F8EC1CD576B /* Frameworks */,
			);
			sourceTree = "<group>";
		};
		894CBA4427EE505B003DD7D7 /* Products */ = {
			isa = PBXGroup;
			children = (
				894CBA4327EE505B003DD7D7 /* Parstagram.app */,
			);
			name = Products;
			sourceTree = "<group>";
		};
		894CBA4527EE505B003DD7D7 /* Parstagram */ = {
			isa = PBXGroup;
			children = (
				894CBA5A27EE50AF003DD7D7 /* Model */,
				894CBA5C27EE50C9003DD7D7 /* View */,
				894CBA5B27EE50B6003DD7D7 /* Controller */,
				894CBA5D27EE5464003DD7D7 /* Data & Keys */,
				894CBA4627EE505B003DD7D7 /* AppDelegate.swift */,
				894CBA4827EE505B003DD7D7 /* SceneDelegate.swift */,
				894CBA4F27EE505C003DD7D7 /* Assets.xcassets */,
				894CBA5127EE505C003DD7D7 /* LaunchScreen.storyboard */,
				894CBA5427EE505C003DD7D7 /* Info.plist */,
			);
			path = Parstagram;
			sourceTree = "<group>";
		};
		894CBA5A27EE50AF003DD7D7 /* Model */ = {
			isa = PBXGroup;
			children = (
			);
			path = Model;
			sourceTree = "<group>";
		};
		894CBA5B27EE50B6003DD7D7 /* Controller */ = {
			isa = PBXGroup;
			children = (
				894CBA6027EE5B1A003DD7D7 /* LoginViewController.swift */,
				894CBA6227EE5B2C003DD7D7 /* FeedViewController.swift */,
				894CBA6427EE633D003DD7D7 /* CameraViewController.swift */,
				894CBA6627EE7B23003DD7D7 /* PostTableViewCell.swift */,
			);
			path = Controller;
			sourceTree = "<group>";
		};
		894CBA5C27EE50C9003DD7D7 /* View */ = {
			isa = PBXGroup;
			children = (
				894CBA4C27EE505B003DD7D7 /* Main.storyboard */,
			);
			path = View;
			sourceTree = "<group>";
		};
		894CBA5D27EE5464003DD7D7 /* Data & Keys */ = {
			isa = PBXGroup;
			children = (
				894CBA5E27EE5493003DD7D7 /* Keys.swift */,
			);
			path = "Data & Keys";
			sourceTree = "<group>";
		};
/* End PBXGroup section */

/* Begin PBXNativeTarget section */
		894CBA4227EE505B003DD7D7 /* Parstagram */ = {
			isa = PBXNativeTarget;
			buildConfigurationList = 894CBA5727EE505C003DD7D7 /* Build configuration list for PBXNativeTarget "Parstagram" */;
			buildPhases = (
				BBE71F10427943A426A8EACC /* [CP] Check Pods Manifest.lock */,
				894CBA3F27EE505B003DD7D7 /* Sources */,
				894CBA4027EE505B003DD7D7 /* Frameworks */,
				894CBA4127EE505B003DD7D7 /* Resources */,
				55716F20857BAE45400171C8 /* [CP] Embed Pods Frameworks */,
			);
			buildRules = (
			);
			dependencies = (
			);
			name = Parstagram;
			productName = Parstagram;
			productReference = 894CBA4327EE505B003DD7D7 /* Parstagram.app */;
			productType = "com.apple.product-type.application";
		};
/* End PBXNativeTarget section */

/* Begin PBXProject section */
		894CBA3B27EE505B003DD7D7 /* Project object */ = {
			isa = PBXProject;
			attributes = {
				BuildIndependentTargetsInParallel = 1;
				LastSwiftUpdateCheck = 1330;
				LastUpgradeCheck = 1330;
				TargetAttributes = {
					894CBA4227EE505B003DD7D7 = {
						CreatedOnToolsVersion = 13.3;
					};
				};
			};
			buildConfigurationList = 894CBA3E27EE505B003DD7D7 /* Build configuration list for PBXProject "Parstagram" */;
			compatibilityVersion = "Xcode 13.0";
			developmentRegion = en;
			hasScannedForEncodings = 0;
			knownRegions = (
				en,
				Base,
			);
			mainGroup = 894CBA3A27EE505B003DD7D7;
			productRefGroup = 894CBA4427EE505B003DD7D7 /* Products */;
			projectDirPath = "";
			projectRoot = "";
			targets = (
				894CBA4227EE505B003DD7D7 /* Parstagram */,
			);
		};
/* End PBXProject section */

/* Begin PBXResourcesBuildPhase section */
		894CBA4127EE505B003DD7D7 /* Resources */ = {
			isa = PBXResourcesBuildPhase;
			buildActionMask = 2147483647;
			files = (
				894CBA5327EE505C003DD7D7 /* LaunchScreen.storyboard in Resources */,
				894CBA5027EE505C003DD7D7 /* Assets.xcassets in Resources */,
				894CBA4E27EE505B003DD7D7 /* Main.storyboard in Resources */,
			);
			runOnlyForDeploymentPostprocessing = 0;
		};
/* End PBXResourcesBuildPhase section */

/* Begin PBXShellScriptBuildPhase section */
		55716F20857BAE45400171C8 /* [CP] Embed Pods Frameworks */ = {
			isa = PBXShellScriptBuildPhase;
			buildActionMask = 2147483647;
			files = (
			);
			inputFileListPaths = (
				"${PODS_ROOT}/Target Support Files/Pods-Parstagram/Pods-Parstagram-frameworks-${CONFIGURATION}-input-files.xcfilelist",
			);
			name = "[CP] Embed Pods Frameworks";
			outputFileListPaths = (
				"${PODS_ROOT}/Target Support Files/Pods-Parstagram/Pods-Parstagram-frameworks-${CONFIGURATION}-output-files.xcfilelist",
			);
			runOnlyForDeploymentPostprocessing = 0;
			shellPath = /bin/sh;
			shellScript = "\"${PODS_ROOT}/Target Support Files/Pods-Parstagram/Pods-Parstagram-frameworks.sh\"\n";
			showEnvVarsInLog = 0;
		};
		BBE71F10427943A426A8EACC /* [CP] Check Pods Manifest.lock */ = {
			isa = PBXShellScriptBuildPhase;
			buildActionMask = 2147483647;
			files = (
			);
			inputFileListPaths = (
			);
			inputPaths = (
				"${PODS_PODFILE_DIR_PATH}/Podfile.lock",
				"${PODS_ROOT}/Manifest.lock",
			);
			name = "[CP] Check Pods Manifest.lock";
			outputFileListPaths = (
			);
			outputPaths = (
				"$(DERIVED_FILE_DIR)/Pods-Parstagram-checkManifestLockResult.txt",
			);
			runOnlyForDeploymentPostprocessing = 0;
			shellPath = /bin/sh;
			shellScript = "diff \"${PODS_PODFILE_DIR_PATH}/Podfile.lock\" \"${PODS_ROOT}/Manifest.lock\" > /dev/null\nif [ $? != 0 ] ; then\n    # print error to STDERR\n    echo \"error: The sandbox is not in sync with the Podfile.lock. Run 'pod install' or update your CocoaPods installation.\" >&2\n    exit 1\nfi\n# This output is used by Xcode 'outputs' to avoid re-running this script phase.\necho \"SUCCESS\" > \"${SCRIPT_OUTPUT_FILE_0}\"\n";
			showEnvVarsInLog = 0;
		};
/* End PBXShellScriptBuildPhase section */

/* Begin PBXSourcesBuildPhase section */
		894CBA3F27EE505B003DD7D7 /* Sources */ = {
			isa = PBXSourcesBuildPhase;
			buildActionMask = 2147483647;
			files = (
				894CBA6727EE7B23003DD7D7 /* PostTableViewCell.swift in Sources */,
				894CBA6127EE5B1A003DD7D7 /* LoginViewController.swift in Sources */,
				894CBA5F27EE5493003DD7D7 /* Keys.swift in Sources */,
				894CBA6327EE5B2C003DD7D7 /* FeedViewController.swift in Sources */,
				894CBA4727EE505B003DD7D7 /* AppDelegate.swift in Sources */,
				894CBA4927EE505B003DD7D7 /* SceneDelegate.swift in Sources */,
				894CBA6527EE633D003DD7D7 /* CameraViewController.swift in Sources */,
			);
			runOnlyForDeploymentPostprocessing = 0;
		};
/* End PBXSourcesBuildPhase section */

/* Begin PBXVariantGroup section */
		894CBA4C27EE505B003DD7D7 /* Main.storyboard */ = {
			isa = PBXVariantGroup;
			children = (
				894CBA4D27EE505B003DD7D7 /* Base */,
			);
			name = Main.storyboard;
			sourceTree = "<group>";
		};
		894CBA5127EE505C003DD7D7 /* LaunchScreen.storyboard */ = {
			isa = PBXVariantGroup;
			children = (
				894CBA5227EE505C003DD7D7 /* Base */,
			);
			name = LaunchScreen.storyboard;
			sourceTree = "<group>";
		};
/* End PBXVariantGroup section */

/* Begin XCBuildConfiguration section */
		894CBA5527EE505C003DD7D7 /* Debug */ = {
			isa = XCBuildConfiguration;
			buildSettings = {
				ALWAYS_SEARCH_USER_PATHS = NO;
				CLANG_ANALYZER_NONNULL = YES;
				CLANG_ANALYZER_NUMBER_OBJECT_CONVERSION = YES_AGGRESSIVE;
				CLANG_CXX_LANGUAGE_STANDARD = "gnu++17";
				CLANG_ENABLE_MODULES = YES;
				CLANG_ENABLE_OBJC_ARC = YES;
				CLANG_ENABLE_OBJC_WEAK = YES;
				CLANG_WARN_BLOCK_CAPTURE_AUTORELEASING = YES;
				CLANG_WARN_BOOL_CONVERSION = YES;
				CLANG_WARN_COMMA = YES;
				CLANG_WARN_CONSTANT_CONVERSION = YES;
				CLANG_WARN_DEPRECATED_OBJC_IMPLEMENTATIONS = YES;
				CLANG_WARN_DIRECT_OBJC_ISA_USAGE = YES_ERROR;
				CLANG_WARN_DOCUMENTATION_COMMENTS = YES;
				CLANG_WARN_EMPTY_BODY = YES;
				CLANG_WARN_ENUM_CONVERSION = YES;
				CLANG_WARN_INFINITE_RECURSION = YES;
				CLANG_WARN_INT_CONVERSION = YES;
				CLANG_WARN_NON_LITERAL_NULL_CONVERSION = YES;
				CLANG_WARN_OBJC_IMPLICIT_RETAIN_SELF = YES;
				CLANG_WARN_OBJC_LITERAL_CONVERSION = YES;
				CLANG_WARN_OBJC_ROOT_CLASS = YES_ERROR;
				CLANG_WARN_QUOTED_INCLUDE_IN_FRAMEWORK_HEADER = YES;
				CLANG_WARN_RANGE_LOOP_ANALYSIS = YES;
				CLANG_WARN_STRICT_PROTOTYPES = YES;
				CLANG_WARN_SUSPICIOUS_MOVE = YES;
				CLANG_WARN_UNGUARDED_AVAILABILITY = YES_AGGRESSIVE;
				CLANG_WARN_UNREACHABLE_CODE = YES;
				CLANG_WARN__DUPLICATE_METHOD_MATCH = YES;
				COPY_PHASE_STRIP = NO;
				DEBUG_INFORMATION_FORMAT = dwarf;
				ENABLE_STRICT_OBJC_MSGSEND = YES;
				ENABLE_TESTABILITY = YES;
				GCC_C_LANGUAGE_STANDARD = gnu11;
				GCC_DYNAMIC_NO_PIC = NO;
				GCC_NO_COMMON_BLOCKS = YES;
				GCC_OPTIMIZATION_LEVEL = 0;
				GCC_PREPROCESSOR_DEFINITIONS = (
					"DEBUG=1",
					"$(inherited)",
				);
				GCC_WARN_64_TO_32_BIT_CONVERSION = YES;
				GCC_WARN_ABOUT_RETURN_TYPE = YES_ERROR;
				GCC_WARN_UNDECLARED_SELECTOR = YES;
				GCC_WARN_UNINITIALIZED_AUTOS = YES_AGGRESSIVE;
				GCC_WARN_UNUSED_FUNCTION = YES;
				GCC_WARN_UNUSED_VARIABLE = YES;
				IPHONEOS_DEPLOYMENT_TARGET = 15.4;
				MTL_ENABLE_DEBUG_INFO = INCLUDE_SOURCE;
				MTL_FAST_MATH = YES;
				ONLY_ACTIVE_ARCH = YES;
				SDKROOT = iphoneos;
				SWIFT_ACTIVE_COMPILATION_CONDITIONS = DEBUG;
				SWIFT_OPTIMIZATION_LEVEL = "-Onone";
			};
			name = Debug;
		};
		894CBA5627EE505C003DD7D7 /* Release */ = {
			isa = XCBuildConfiguration;
			buildSettings = {
				ALWAYS_SEARCH_USER_PATHS = NO;
				CLANG_ANALYZER_NONNULL = YES;
				CLANG_ANALYZER_NUMBER_OBJECT_CONVERSION = YES_AGGRESSIVE;
				CLANG_CXX_LANGUAGE_STANDARD = "gnu++17";
				CLANG_ENABLE_MODULES = YES;
				CLANG_ENABLE_OBJC_ARC = YES;
				CLANG_ENABLE_OBJC_WEAK = YES;
				CLANG_WARN_BLOCK_CAPTURE_AUTORELEASING = YES;
				CLANG_WARN_BOOL_CONVERSION = YES;
				CLANG_WARN_COMMA = YES;
				CLANG_WARN_CONSTANT_CONVERSION = YES;
				CLANG_WARN_DEPRECATED_OBJC_IMPLEMENTATIONS = YES;
				CLANG_WARN_DIRECT_OBJC_ISA_USAGE = YES_ERROR;
				CLANG_WARN_DOCUMENTATION_COMMENTS = YES;
				CLANG_WARN_EMPTY_BODY = YES;
				CLANG_WARN_ENUM_CONVERSION = YES;
				CLANG_WARN_INFINITE_RECURSION = YES;
				CLANG_WARN_INT_CONVERSION = YES;
				CLANG_WARN_NON_LITERAL_NULL_CONVERSION = YES;
				CLANG_WARN_OBJC_IMPLICIT_RETAIN_SELF = YES;
				CLANG_WARN_OBJC_LITERAL_CONVERSION = YES;
				CLANG_WARN_OBJC_ROOT_CLASS = YES_ERROR;
				CLANG_WARN_QUOTED_INCLUDE_IN_FRAMEWORK_HEADER = YES;
				CLANG_WARN_RANGE_LOOP_ANALYSIS = YES;
				CLANG_WARN_STRICT_PROTOTYPES = YES;
				CLANG_WARN_SUSPICIOUS_MOVE = YES;
				CLANG_WARN_UNGUARDED_AVAILABILITY = YES_AGGRESSIVE;
				CLANG_WARN_UNREACHABLE_CODE = YES;
				CLANG_WARN__DUPLICATE_METHOD_MATCH = YES;
				COPY_PHASE_STRIP = NO;
				DEBUG_INFORMATION_FORMAT = "dwarf-with-dsym";
				ENABLE_NS_ASSERTIONS = NO;
				ENABLE_STRICT_OBJC_MSGSEND = YES;
				GCC_C_LANGUAGE_STANDARD = gnu11;
				GCC_NO_COMMON_BLOCKS = YES;
				GCC_WARN_64_TO_32_BIT_CONVERSION = YES;
				GCC_WARN_ABOUT_RETURN_TYPE = YES_ERROR;
				GCC_WARN_UNDECLARED_SELECTOR = YES;
				GCC_WARN_UNINITIALIZED_AUTOS = YES_AGGRESSIVE;
				GCC_WARN_UNUSED_FUNCTION = YES;
				GCC_WARN_UNUSED_VARIABLE = YES;
				IPHONEOS_DEPLOYMENT_TARGET = 15.4;
				MTL_ENABLE_DEBUG_INFO = NO;
				MTL_FAST_MATH = YES;
				SDKROOT = iphoneos;
				SWIFT_COMPILATION_MODE = wholemodule;
				SWIFT_OPTIMIZATION_LEVEL = "-O";
				VALIDATE_PRODUCT = YES;
			};
			name = Release;
		};
		894CBA5827EE505C003DD7D7 /* Debug */ = {
			isa = XCBuildConfiguration;
			baseConfigurationReference = C4E660307BF1AA43263F5C97 /* Pods-Parstagram.debug.xcconfig */;
			buildSettings = {
				ASSETCATALOG_COMPILER_APPICON_NAME = AppIcon;
				ASSETCATALOG_COMPILER_GLOBAL_ACCENT_COLOR_NAME = AccentColor;
				CODE_SIGN_STYLE = Automatic;
				CURRENT_PROJECT_VERSION = 1;
				DEVELOPMENT_TEAM = 6F3A58SWMP;
				GENERATE_INFOPLIST_FILE = YES;
				INFOPLIST_FILE = Parstagram/Info.plist;
				INFOPLIST_KEY_UIApplicationSupportsIndirectInputEvents = YES;
				INFOPLIST_KEY_UILaunchStoryboardName = LaunchScreen;
				INFOPLIST_KEY_UIMainStoryboardFile = Main;
				INFOPLIST_KEY_UISupportedInterfaceOrientations_iPad = "UIInterfaceOrientationPortrait UIInterfaceOrientationPortraitUpsideDown UIInterfaceOrientationLandscapeLeft UIInterfaceOrientationLandscapeRight";
				INFOPLIST_KEY_UISupportedInterfaceOrientations_iPhone = "UIInterfaceOrientationPortrait UIInterfaceOrientationLandscapeLeft UIInterfaceOrientationLandscapeRight";
				LD_RUNPATH_SEARCH_PATHS = (
					"$(inherited)",
					"@executable_path/Frameworks",
				);
				MARKETING_VERSION = 1.0;
				PRODUCT_BUNDLE_IDENTIFIER = com.ShoaibHuq.Parstagram;
				PRODUCT_NAME = "$(TARGET_NAME)";
				SWIFT_EMIT_LOC_STRINGS = YES;
				SWIFT_VERSION = 5.0;
				TARGETED_DEVICE_FAMILY = "1,2";
			};
			name = Debug;
		};
		894CBA5927EE505C003DD7D7 /* Release */ = {
			isa = XCBuildConfiguration;
			baseConfigurationReference = 2AB59E2885CBBEC6F5628130 /* Pods-Parstagram.release.xcconfig */;
			buildSettings = {
				ASSETCATALOG_COMPILER_APPICON_NAME = AppIcon;
				ASSETCATALOG_COMPILER_GLOBAL_ACCENT_COLOR_NAME = AccentColor;
				CODE_SIGN_STYLE = Automatic;
				CURRENT_PROJECT_VERSION = 1;
				DEVELOPMENT_TEAM = 6F3A58SWMP;
				GENERATE_INFOPLIST_FILE = YES;
				INFOPLIST_FILE = Parstagram/Info.plist;
				INFOPLIST_KEY_UIApplicationSupportsIndirectInputEvents = YES;
				INFOPLIST_KEY_UILaunchStoryboardName = LaunchScreen;
				INFOPLIST_KEY_UIMainStoryboardFile = Main;
				INFOPLIST_KEY_UISupportedInterfaceOrientations_iPad = "UIInterfaceOrientationPortrait UIInterfaceOrientationPortraitUpsideDown UIInterfaceOrientationLandscapeLeft UIInterfaceOrientationLandscapeRight";
				INFOPLIST_KEY_UISupportedInterfaceOrientations_iPhone = "UIInterfaceOrientationPortrait UIInterfaceOrientationLandscapeLeft UIInterfaceOrientationLandscapeRight";
				LD_RUNPATH_SEARCH_PATHS = (
					"$(inherited)",
					"@executable_path/Frameworks",
				);
				MARKETING_VERSION = 1.0;
				PRODUCT_BUNDLE_IDENTIFIER = com.ShoaibHuq.Parstagram;
				PRODUCT_NAME = "$(TARGET_NAME)";
				SWIFT_EMIT_LOC_STRINGS = YES;
				SWIFT_VERSION = 5.0;
				TARGETED_DEVICE_FAMILY = "1,2";
			};
			name = Release;
		};
/* End XCBuildConfiguration section */

/* Begin XCConfigurationList section */
		894CBA3E27EE505B003DD7D7 /* Build configuration list for PBXProject "Parstagram" */ = {
			isa = XCConfigurationList;
			buildConfigurations = (
				894CBA5527EE505C003DD7D7 /* Debug */,
				894CBA5627EE505C003DD7D7 /* Release */,
			);
			defaultConfigurationIsVisible = 0;
			defaultConfigurationName = Release;
		};
		894CBA5727EE505C003DD7D7 /* Build configuration list for PBXNativeTarget "Parstagram" */ = {
			isa = XCConfigurationList;
			buildConfigurations = (
				894CBA5827EE505C003DD7D7 /* Debug */,
				894CBA5927EE505C003DD7D7 /* Release */,
			);
			defaultConfigurationIsVisible = 0;
			defaultConfigurationName = Release;
		};
/* End XCConfigurationList section */
	};
	rootObject = 894CBA3B27EE505B003DD7D7 /* Project object */;
}
